// !$*UTF8*$!
{
	archiveVersion = 1;
	classes = {
	};
	objectVersion = 46;
	objects = {

/* Begin PBXBuildFile section */
		084EBEFF1C792AAA00D8BC85 /* AudioKit.framework in Frameworks */ = {isa = PBXBuildFile; fileRef = 084EBEFE1C792AAA00D8BC85 /* AudioKit.framework */; };
		084EBF001C792AAA00D8BC85 /* AudioKit.framework in Embed Frameworks */ = {isa = PBXBuildFile; fileRef = 084EBEFE1C792AAA00D8BC85 /* AudioKit.framework */; settings = {ATTRIBUTES = (CodeSignOnCopy, RemoveHeadersOnCopy, ); }; };
		08F25DBE1C791B8B00C4DD8F /* main.m in Sources */ = {isa = PBXBuildFile; fileRef = 08F25DBD1C791B8B00C4DD8F /* main.m */; };
		08F25DC11C791B8B00C4DD8F /* AppDelegate.m in Sources */ = {isa = PBXBuildFile; fileRef = 08F25DC01C791B8B00C4DD8F /* AppDelegate.m */; };
		08F25DC41C791B8B00C4DD8F /* ViewController.m in Sources */ = {isa = PBXBuildFile; fileRef = 08F25DC31C791B8B00C4DD8F /* ViewController.m */; };
		08F25DC71C791B8B00C4DD8F /* Main.storyboard in Resources */ = {isa = PBXBuildFile; fileRef = 08F25DC51C791B8B00C4DD8F /* Main.storyboard */; };
		08F25DC91C791B8B00C4DD8F /* Assets.xcassets in Resources */ = {isa = PBXBuildFile; fileRef = 08F25DC81C791B8B00C4DD8F /* Assets.xcassets */; };
		08F25DCC1C791B8B00C4DD8F /* LaunchScreen.storyboard in Resources */ = {isa = PBXBuildFile; fileRef = 08F25DCA1C791B8B00C4DD8F /* LaunchScreen.storyboard */; };
		08F25E011C791E7E00C4DD8F /* libABLLink.a in Frameworks */ = {isa = PBXBuildFile; fileRef = 08F25E001C791E7E00C4DD8F /* libABLLink.a */; };
		AD89B585F95D1C6A6333C97A /* libPods.a in Frameworks */ = {isa = PBXBuildFile; fileRef = 1FC520CA6901396D14425597 /* libPods.a */; };
/* End PBXBuildFile section */

/* Begin PBXCopyFilesBuildPhase section */
		084EBF011C792AAA00D8BC85 /* Embed Frameworks */ = {
			isa = PBXCopyFilesBuildPhase;
			buildActionMask = 2147483647;
			dstPath = "";
			dstSubfolderSpec = 10;
			files = (
				084EBF001C792AAA00D8BC85 /* AudioKit.framework in Embed Frameworks */,
			);
			name = "Embed Frameworks";
			runOnlyForDeploymentPostprocessing = 0;
		};
/* End PBXCopyFilesBuildPhase section */

/* Begin PBXFileReference section */
		084EBEFE1C792AAA00D8BC85 /* AudioKit.framework */ = {isa = PBXFileReference; lastKnownFileType = wrapper.framework; path = AudioKit.framework; sourceTree = "<group>"; };
		08F25DB91C791B8B00C4DD8F /* lazykey.app */ = {isa = PBXFileReference; explicitFileType = wrapper.application; includeInIndex = 0; path = lazykey.app; sourceTree = BUILT_PRODUCTS_DIR; };
		08F25DBD1C791B8B00C4DD8F /* main.m */ = {isa = PBXFileReference; lastKnownFileType = sourcecode.c.objc; path = main.m; sourceTree = "<group>"; };
		08F25DBF1C791B8B00C4DD8F /* AppDelegate.h */ = {isa = PBXFileReference; lastKnownFileType = sourcecode.c.h; path = AppDelegate.h; sourceTree = "<group>"; };
		08F25DC01C791B8B00C4DD8F /* AppDelegate.m */ = {isa = PBXFileReference; lastKnownFileType = sourcecode.c.objc; path = AppDelegate.m; sourceTree = "<group>"; };
		08F25DC21C791B8B00C4DD8F /* ViewController.h */ = {isa = PBXFileReference; lastKnownFileType = sourcecode.c.h; path = ViewController.h; sourceTree = "<group>"; };
		08F25DC31C791B8B00C4DD8F /* ViewController.m */ = {isa = PBXFileReference; lastKnownFileType = sourcecode.c.objc; path = ViewController.m; sourceTree = "<group>"; };
		08F25DC61C791B8B00C4DD8F /* Base */ = {isa = PBXFileReference; lastKnownFileType = file.storyboard; name = Base; path = Base.lproj/Main.storyboard; sourceTree = "<group>"; };
		08F25DC81C791B8B00C4DD8F /* Assets.xcassets */ = {isa = PBXFileReference; lastKnownFileType = folder.assetcatalog; path = Assets.xcassets; sourceTree = "<group>"; };
		08F25DCB1C791B8B00C4DD8F /* Base */ = {isa = PBXFileReference; lastKnownFileType = file.storyboard; name = Base; path = Base.lproj/LaunchScreen.storyboard; sourceTree = "<group>"; };
		08F25DCD1C791B8B00C4DD8F /* Info.plist */ = {isa = PBXFileReference; lastKnownFileType = text.plist.xml; path = Info.plist; sourceTree = "<group>"; };
		08F25E001C791E7E00C4DD8F /* libABLLink.a */ = {isa = PBXFileReference; lastKnownFileType = archive.ar; name = libABLLink.a; path = ../LinkKitLib/lib/libABLLink.a; sourceTree = "<group>"; };
		08F25E031C791F0800C4DD8F /* ABLLink.h */ = {isa = PBXFileReference; fileEncoding = 4; lastKnownFileType = sourcecode.c.h; path = ABLLink.h; sourceTree = "<group>"; };
		08F25E041C791F0800C4DD8F /* ABLLinkSettingsViewController.h */ = {isa = PBXFileReference; fileEncoding = 4; lastKnownFileType = sourcecode.c.h; path = ABLLinkSettingsViewController.h; sourceTree = "<group>"; };
		08F25E051C791F0800C4DD8F /* ABLLinkUtils.h */ = {isa = PBXFileReference; fileEncoding = 4; lastKnownFileType = sourcecode.c.h; path = ABLLinkUtils.h; sourceTree = "<group>"; };
		1FC520CA6901396D14425597 /* libPods.a */ = {isa = PBXFileReference; explicitFileType = archive.ar; includeInIndex = 0; path = libPods.a; sourceTree = BUILT_PRODUCTS_DIR; };
		5BF48E4F19427288A9865353 /* Pods.release.xcconfig */ = {isa = PBXFileReference; includeInIndex = 1; lastKnownFileType = text.xcconfig; name = Pods.release.xcconfig; path = "Pods/Target Support Files/Pods/Pods.release.xcconfig"; sourceTree = "<group>"; };
		610F1B3359495C3D5AFE1C92 /* Pods.debug.xcconfig */ = {isa = PBXFileReference; includeInIndex = 1; lastKnownFileType = text.xcconfig; name = Pods.debug.xcconfig; path = "Pods/Target Support Files/Pods/Pods.debug.xcconfig"; sourceTree = "<group>"; };
/* End PBXFileReference section */

/* Begin PBXFrameworksBuildPhase section */
		08F25DB61C791B8B00C4DD8F /* Frameworks */ = {
			isa = PBXFrameworksBuildPhase;
			buildActionMask = 2147483647;
			files = (
				084EBEFF1C792AAA00D8BC85 /* AudioKit.framework in Frameworks */,
				AD89B585F95D1C6A6333C97A /* libPods.a in Frameworks */,
				08F25E011C791E7E00C4DD8F /* libABLLink.a in Frameworks */,
			);
			runOnlyForDeploymentPostprocessing = 0;
		};
/* End PBXFrameworksBuildPhase section */

/* Begin PBXGroup section */
		08F25DB01C791B8B00C4DD8F = {
			isa = PBXGroup;
			children = (
				084EBEFE1C792AAA00D8BC85 /* AudioKit.framework */,
				08F25DBB1C791B8B00C4DD8F /* lazykey */,
				08F25DBA1C791B8B00C4DD8F /* Products */,
				9E6FE613A574BE79C729372A /* Pods */,
				472A3E7789A6FB2100BEFF74 /* Frameworks */,
			);
			sourceTree = "<group>";
		};
		08F25DBA1C791B8B00C4DD8F /* Products */ = {
			isa = PBXGroup;
			children = (
				08F25DB91C791B8B00C4DD8F /* lazykey.app */,
			);
			name = Products;
			sourceTree = "<group>";
		};
		08F25DBB1C791B8B00C4DD8F /* lazykey */ = {
			isa = PBXGroup;
			children = (
				08F25E021C791F0800C4DD8F /* include */,
				08F25DBF1C791B8B00C4DD8F /* AppDelegate.h */,
				08F25DC01C791B8B00C4DD8F /* AppDelegate.m */,
				08F25DC21C791B8B00C4DD8F /* ViewController.h */,
				08F25DC31C791B8B00C4DD8F /* ViewController.m */,
				08F25DC51C791B8B00C4DD8F /* Main.storyboard */,
				08F25DC81C791B8B00C4DD8F /* Assets.xcassets */,
				08F25DCA1C791B8B00C4DD8F /* LaunchScreen.storyboard */,
				08F25DCD1C791B8B00C4DD8F /* Info.plist */,
				08F25DBC1C791B8B00C4DD8F /* Supporting Files */,
			);
			path = lazykey;
			sourceTree = "<group>";
		};
		08F25DBC1C791B8B00C4DD8F /* Supporting Files */ = {
			isa = PBXGroup;
			children = (
				08F25DBD1C791B8B00C4DD8F /* main.m */,
			);
			name = "Supporting Files";
			sourceTree = "<group>";
		};
		08F25E021C791F0800C4DD8F /* include */ = {
			isa = PBXGroup;
			children = (
				08F25E031C791F0800C4DD8F /* ABLLink.h */,
				08F25E041C791F0800C4DD8F /* ABLLinkSettingsViewController.h */,
				08F25E051C791F0800C4DD8F /* ABLLinkUtils.h */,
			);
			name = include;
			path = ../../LinkKitLib/include;
			sourceTree = "<group>";
		};
		472A3E7789A6FB2100BEFF74 /* Frameworks */ = {
			isa = PBXGroup;
			children = (
				08F25E001C791E7E00C4DD8F /* libABLLink.a */,
				1FC520CA6901396D14425597 /* libPods.a */,
			);
			name = Frameworks;
			sourceTree = "<group>";
		};
		9E6FE613A574BE79C729372A /* Pods */ = {
			isa = PBXGroup;
			children = (
				610F1B3359495C3D5AFE1C92 /* Pods.debug.xcconfig */,
				5BF48E4F19427288A9865353 /* Pods.release.xcconfig */,
			);
			name = Pods;
			sourceTree = "<group>";
		};
/* End PBXGroup section */

/* Begin PBXNativeTarget section */
		08F25DB81C791B8B00C4DD8F /* lazykey */ = {
			isa = PBXNativeTarget;
			buildConfigurationList = 08F25DD01C791B8B00C4DD8F /* Build configuration list for PBXNativeTarget "lazykey" */;
			buildPhases = (
				3BB967EFD31F6A0B893BEF6A /* Check Pods Manifest.lock */,
				08F25DB51C791B8B00C4DD8F /* Sources */,
				08F25DB61C791B8B00C4DD8F /* Frameworks */,
				08F25DB71C791B8B00C4DD8F /* Resources */,
				70E56C3CD427C97D8A4CC5D9 /* Copy Pods Resources */,
				084EBF011C792AAA00D8BC85 /* Embed Frameworks */,
			);
			buildRules = (
			);
			dependencies = (
			);
			name = lazykey;
			productName = lazykey;
			productReference = 08F25DB91C791B8B00C4DD8F /* lazykey.app */;
			productType = "com.apple.product-type.application";
		};
/* End PBXNativeTarget section */

/* Begin PBXProject section */
		08F25DB11C791B8B00C4DD8F /* Project object */ = {
			isa = PBXProject;
			attributes = {
				LastUpgradeCheck = 0720;
				ORGANIZATIONNAME = girlfriends;
				TargetAttributes = {
					08F25DB81C791B8B00C4DD8F = {
						CreatedOnToolsVersion = 7.2;
					};
				};
			};
			buildConfigurationList = 08F25DB41C791B8B00C4DD8F /* Build configuration list for PBXProject "lazykey" */;
			compatibilityVersion = "Xcode 3.2";
			developmentRegion = English;
			hasScannedForEncodings = 0;
			knownRegions = (
				en,
				Base,
			);
			mainGroup = 08F25DB01C791B8B00C4DD8F;
			productRefGroup = 08F25DBA1C791B8B00C4DD8F /* Products */;
			projectDirPath = "";
			projectRoot = "";
			targets = (
				08F25DB81C791B8B00C4DD8F /* lazykey */,
			);
		};
/* End PBXProject section */

/* Begin PBXResourcesBuildPhase section */
		08F25DB71C791B8B00C4DD8F /* Resources */ = {
			isa = PBXResourcesBuildPhase;
			buildActionMask = 2147483647;
			files = (
				08F25DCC1C791B8B00C4DD8F /* LaunchScreen.storyboard in Resources */,
				08F25DC91C791B8B00C4DD8F /* Assets.xcassets in Resources */,
				08F25DC71C791B8B00C4DD8F /* Main.storyboard in Resources */,
			);
			runOnlyForDeploymentPostprocessing = 0;
		};
/* End PBXResourcesBuildPhase section */

/* Begin PBXShellScriptBuildPhase section */
		3BB967EFD31F6A0B893BEF6A /* Check Pods Manifest.lock */ = {
			isa = PBXShellScriptBuildPhase;
			buildActionMask = 2147483647;
			files = (
			);
			inputPaths = (
			);
			name = "Check Pods Manifest.lock";
			outputPaths = (
			);
			runOnlyForDeploymentPostprocessing = 0;
			shellPath = /bin/sh;
			shellScript = "diff \"${PODS_ROOT}/../Podfile.lock\" \"${PODS_ROOT}/Manifest.lock\" > /dev/null\nif [[ $? != 0 ]] ; then\n    cat << EOM\nerror: The sandbox is not in sync with the Podfile.lock. Run 'pod install' or update your CocoaPods installation.\nEOM\n    exit 1\nfi\n";
			showEnvVarsInLog = 0;
		};
		70E56C3CD427C97D8A4CC5D9 /* Copy Pods Resources */ = {
			isa = PBXShellScriptBuildPhase;
			buildActionMask = 2147483647;
			files = (
			);
			inputPaths = (
			);
			name = "Copy Pods Resources";
			outputPaths = (
			);
			runOnlyForDeploymentPostprocessing = 0;
			shellPath = /bin/sh;
			shellScript = "\"${SRCROOT}/Pods/Target Support Files/Pods/Pods-resources.sh\"\n";
			showEnvVarsInLog = 0;
		};
/* End PBXShellScriptBuildPhase section */

/* Begin PBXSourcesBuildPhase section */
		08F25DB51C791B8B00C4DD8F /* Sources */ = {
			isa = PBXSourcesBuildPhase;
			buildActionMask = 2147483647;
			files = (
				08F25DC41C791B8B00C4DD8F /* ViewController.m in Sources */,
				08F25DC11C791B8B00C4DD8F /* AppDelegate.m in Sources */,
				08F25DBE1C791B8B00C4DD8F /* main.m in Sources */,
			);
			runOnlyForDeploymentPostprocessing = 0;
		};
/* End PBXSourcesBuildPhase section */

/* Begin PBXVariantGroup section */
		08F25DC51C791B8B00C4DD8F /* Main.storyboard */ = {
			isa = PBXVariantGroup;
			children = (
				08F25DC61C791B8B00C4DD8F /* Base */,
			);
			name = Main.storyboard;
			sourceTree = "<group>";
		};
		08F25DCA1C791B8B00C4DD8F /* LaunchScreen.storyboard */ = {
			isa = PBXVariantGroup;
			children = (
				08F25DCB1C791B8B00C4DD8F /* Base */,
			);
			name = LaunchScreen.storyboard;
			sourceTree = "<group>";
		};
/* End PBXVariantGroup section */

/* Begin XCBuildConfiguration section */
		08F25DCE1C791B8B00C4DD8F /* Debug */ = {
			isa = XCBuildConfiguration;
			buildSettings = {
				ALWAYS_SEARCH_USER_PATHS = NO;
				CLANG_CXX_LANGUAGE_STANDARD = "gnu++0x";
				CLANG_CXX_LIBRARY = "libc++";
				CLANG_ENABLE_MODULES = YES;
				CLANG_ENABLE_OBJC_ARC = YES;
				CLANG_WARN_BOOL_CONVERSION = YES;
				CLANG_WARN_CONSTANT_CONVERSION = YES;
				CLANG_WARN_DIRECT_OBJC_ISA_USAGE = YES_ERROR;
				CLANG_WARN_EMPTY_BODY = YES;
				CLANG_WARN_ENUM_CONVERSION = YES;
				CLANG_WARN_INT_CONVERSION = YES;
				CLANG_WARN_OBJC_ROOT_CLASS = YES_ERROR;
				CLANG_WARN_UNREACHABLE_CODE = YES;
				CLANG_WARN__DUPLICATE_METHOD_MATCH = YES;
				"CODE_SIGN_IDENTITY[sdk=iphoneos*]" = "iPhone Developer";
				COPY_PHASE_STRIP = NO;
				DEBUG_INFORMATION_FORMAT = dwarf;
				ENABLE_STRICT_OBJC_MSGSEND = YES;
				ENABLE_TESTABILITY = YES;
				GCC_C_LANGUAGE_STANDARD = gnu99;
				GCC_DYNAMIC_NO_PIC = NO;
				GCC_NO_COMMON_BLOCKS = YES;
				GCC_OPTIMIZATION_LEVEL = 0;
				GCC_PREPROCESSOR_DEFINITIONS = (
					"DEBUG=1",
					"$(inherited)",
				);
				GCC_WARN_64_TO_32_BIT_CONVERSION = YES;
				GCC_WARN_ABOUT_RETURN_TYPE = YES_ERROR;
				GCC_WARN_UNDECLARED_SELECTOR = YES;
				GCC_WARN_UNINITIALIZED_AUTOS = YES_AGGRESSIVE;
				GCC_WARN_UNUSED_FUNCTION = YES;
				GCC_WARN_UNUSED_VARIABLE = YES;
				IPHONEOS_DEPLOYMENT_TARGET = 9.2;
				MTL_ENABLE_DEBUG_INFO = YES;
				ONLY_ACTIVE_ARCH = YES;
				SDKROOT = iphoneos;
				TARGETED_DEVICE_FAMILY = "1,2";
			};
			name = Debug;
		};
		08F25DCF1C791B8B00C4DD8F /* Release */ = {
			isa = XCBuildConfiguration;
			buildSettings = {
				ALWAYS_SEARCH_USER_PATHS = NO;
				CLANG_CXX_LANGUAGE_STANDARD = "gnu++0x";
				CLANG_CXX_LIBRARY = "libc++";
				CLANG_ENABLE_MODULES = YES;
				CLANG_ENABLE_OBJC_ARC = YES;
				CLANG_WARN_BOOL_CONVERSION = YES;
				CLANG_WARN_CONSTANT_CONVERSION = YES;
				CLANG_WARN_DIRECT_OBJC_ISA_USAGE = YES_ERROR;
				CLANG_WARN_EMPTY_BODY = YES;
				CLANG_WARN_ENUM_CONVERSION = YES;
				CLANG_WARN_INT_CONVERSION = YES;
				CLANG_WARN_OBJC_ROOT_CLASS = YES_ERROR;
				CLANG_WARN_UNREACHABLE_CODE = YES;
				CLANG_WARN__DUPLICATE_METHOD_MATCH = YES;
				"CODE_SIGN_IDENTITY[sdk=iphoneos*]" = "iPhone Developer";
				COPY_PHASE_STRIP = NO;
				DEBUG_INFORMATION_FORMAT = "dwarf-with-dsym";
				ENABLE_NS_ASSERTIONS = NO;
				ENABLE_STRICT_OBJC_MSGSEND = YES;
				GCC_C_LANGUAGE_STANDARD = gnu99;
				GCC_NO_COMMON_BLOCKS = YES;
				GCC_WARN_64_TO_32_BIT_CONVERSION = YES;
				GCC_WARN_ABOUT_RETURN_TYPE = YES_ERROR;
				GCC_WARN_UNDECLARED_SELECTOR = YES;
				GCC_WARN_UNINITIALIZED_AUTOS = YES_AGGRESSIVE;
				GCC_WARN_UNUSED_FUNCTION = YES;
				GCC_WARN_UNUSED_VARIABLE = YES;
				IPHONEOS_DEPLOYMENT_TARGET = 9.2;
				MTL_ENABLE_DEBUG_INFO = NO;
				SDKROOT = iphoneos;
				TARGETED_DEVICE_FAMILY = "1,2";
				VALIDATE_PRODUCT = YES;
			};
			name = Release;
		};
		08F25DD11C791B8B00C4DD8F /* Debug */ = {
			isa = XCBuildConfiguration;
			baseConfigurationReference = 610F1B3359495C3D5AFE1C92 /* Pods.debug.xcconfig */;
			buildSettings = {
				ARCHS = "$(ARCHS_STANDARD)";
				ASSETCATALOG_COMPILER_APPICON_NAME = AppIcon;
				"CODE_SIGN_IDENTITY[sdk=iphoneos*]" = "iPhone Developer: Sam Tarakajian (TNAZXTQQ8F)";
				EMBEDDED_CONTENT_CONTAINS_SWIFT = YES;
				FRAMEWORK_SEARCH_PATHS = (
					"$(inherited)",
					"$(PROJECT_DIR)",
				);
				INFOPLIST_FILE = lazykey/Info.plist;
				LD_RUNPATH_SEARCH_PATHS = "$(inherited) @executable_path/Frameworks";
				LIBRARY_SEARCH_PATHS = (
					"$(inherited)",
					"$(PROJECT_DIR)/lib",
				);
				ONLY_ACTIVE_ARCH = YES;
				OTHER_LDFLAGS = (
					"-ObjC",
					"-framework",
					"\"AVFoundation\"",
					"-lc++",
					"$(inherited)",
				);
				PRODUCT_BUNDLE_IDENTIFIER = com.girlfriends.lazykey;
				PRODUCT_NAME = "$(TARGET_NAME)";
			};
			name = Debug;
		};
		08F25DD21C791B8B00C4DD8F /* Release */ = {
			isa = XCBuildConfiguration;
			baseConfigurationReference = 5BF48E4F19427288A9865353 /* Pods.release.xcconfig */;
			buildSettings = {
				ASSETCATALOG_COMPILER_APPICON_NAME = AppIcon;
				"CODE_SIGN_IDENTITY[sdk=iphoneos*]" = "iPhone Developer: Sam Tarakajian (TNAZXTQQ8F)";
				EMBEDDED_CONTENT_CONTAINS_SWIFT = YES;
				FRAMEWORK_SEARCH_PATHS = (
					"$(inherited)",
					"$(PROJECT_DIR)",
				);
				INFOPLIST_FILE = lazykey/Info.plist;
				LD_RUNPATH_SEARCH_PATHS = "$(inherited) @executable_path/Frameworks";
				LIBRARY_SEARCH_PATHS = (
					"$(inherited)",
					"$(PROJECT_DIR)/lib",
				);
				OTHER_LDFLAGS = (
					"-ObjC",
					"-framework",
					"\"AVFoundation\"",
					"-lc++",
					"$(inherited)",
				);
				PRODUCT_BUNDLE_IDENTIFIER = com.girlfriends.lazykey;
				PRODUCT_NAME = "$(TARGET_NAME)";
			};
			name = Release;
		};
/* End XCBuildConfiguration section */

/* Begin XCConfigurationList section */
		08F25DB41C791B8B00C4DD8F /* Build configuration list for PBXProject "lazykey" */ = {
			isa = XCConfigurationList;
			buildConfigurations = (
				08F25DCE1C791B8B00C4DD8F /* Debug */,
				08F25DCF1C791B8B00C4DD8F /* Release */,
			);
			defaultConfigurationIsVisible = 0;
			defaultConfigurationName = Release;
		};
		08F25DD01C791B8B00C4DD8F /* Build configuration list for PBXNativeTarget "lazykey" */ = {
			isa = XCConfigurationList;
			buildConfigurations = (
				08F25DD11C791B8B00C4DD8F /* Debug */,
				08F25DD21C791B8B00C4DD8F /* Release */,
			);
			defaultConfigurationIsVisible = 0;
			defaultConfigurationName = Release;
		};
/* End XCConfigurationList section */
	};
	rootObject = 08F25DB11C791B8B00C4DD8F /* Project object */;
}
